
Microsoft Visual Studio Solution File, Format Version 12.00
# Visual Studio Version 17
VisualStudioVersion = 17.4.33213.308
MinimumVisualStudioVersion = 10.0.40219.1
Project("{FAE04EC0-301F-11D3-BF4B-00C04F79EFBC}") = "AbstractAnimalClass", "AbstractAnimalClass\AbstractAnimalClass.csproj", "{9CF31458-0123-42B5-9927-8775BED40CCE}"
EndProject
Global
	GlobalSection(SolutionConfigurationPlatforms) = preSolution
		Debug|Any CPU = Debug|Any CPU
		Release|Any CPU = Release|Any CPU
	EndGlobalSection
	GlobalSection(ProjectConfigurationPlatforms) = postSolution
		{9CF31458-0123-42B5-9927-8775BED40CCE}.Debug|Any CPU.ActiveCfg = Debug|Any CPU
		{9CF31458-0123-42B5-9927-8775BED40CCE}.Debug|Any CPU.Build.0 = Debug|Any CPU
		{9CF31458-0123-42B5-9927-8775BED40CCE}.Release|Any CPU.ActiveCfg = Release|Any CPU
		{9CF31458-0123-42B5-9927-8775BED40CCE}.Release|Any CPU.Build.0 = Release|Any CPU
	EndGlobalSection
	GlobalSection(SolutionProperties) = preSolution
		HideSolutionNode = FALSE
	EndGlobalSection
	GlobalSection(ExtensibilityGlobals) = postSolution
		SolutionGuid = {238FD327-8C0A-4A23-BEDB-521108101996}
	EndGlobalSection
EndGlobal
